// !$*UTF8*$!
{
	archiveVersion = 1;
	classes = {
	};
	objectVersion = 55;
	objects = {

/* Begin PBXBuildFile section */
		009B5CC9291BE8FC00C00AE7 /* ViewController+SpeechRecognition.swift in Sources */ = {isa = PBXBuildFile; fileRef = 009B5CC8291BE8FC00C00AE7 /* ViewController+SpeechRecognition.swift */; };
		009B5CCB291BE96E00C00AE7 /* ViewController+SpeechSynthesis.swift in Sources */ = {isa = PBXBuildFile; fileRef = 009B5CCA291BE96E00C00AE7 /* ViewController+SpeechSynthesis.swift */; };
		009B5CCD291BEA8A00C00AE7 /* ViewController+Dialogue.swift in Sources */ = {isa = PBXBuildFile; fileRef = 009B5CCC291BEA8A00C00AE7 /* ViewController+Dialogue.swift */; };
		8C0208D028F35E1B00C50221 /* AppDelegate.swift in Sources */ = {isa = PBXBuildFile; fileRef = 8C0208CF28F35E1B00C50221 /* AppDelegate.swift */; };
		8C0208D428F35E1B00C50221 /* ViewController.swift in Sources */ = {isa = PBXBuildFile; fileRef = 8C0208D328F35E1B00C50221 /* ViewController.swift */; };
		8C0208D728F35E1B00C50221 /* Main.storyboard in Resources */ = {isa = PBXBuildFile; fileRef = 8C0208D528F35E1B00C50221 /* Main.storyboard */; };
		8C0208D928F35E1E00C50221 /* Assets.xcassets in Resources */ = {isa = PBXBuildFile; fileRef = 8C0208D828F35E1E00C50221 /* Assets.xcassets */; };
		8C0208DC28F35E1E00C50221 /* LaunchScreen.storyboard in Resources */ = {isa = PBXBuildFile; fileRef = 8C0208DA28F35E1E00C50221 /* LaunchScreen.storyboard */; };
		8C0208E628F3AA1E00C50221 /* DialogueManager.swift in Sources */ = {isa = PBXBuildFile; fileRef = 8C0208E528F3AA1E00C50221 /* DialogueManager.swift */; };
		8CD0298228F8F20700811BA0 /* FaceManager.swift in Sources */ = {isa = PBXBuildFile; fileRef = 8CD0298128F8F20700811BA0 /* FaceManager.swift */; };
/* End PBXBuildFile section */

/* Begin PBXFileReference section */
		009B5CC8291BE8FC00C00AE7 /* ViewController+SpeechRecognition.swift */ = {isa = PBXFileReference; lastKnownFileType = sourcecode.swift; path = "ViewController+SpeechRecognition.swift"; sourceTree = "<group>"; };
		009B5CCA291BE96E00C00AE7 /* ViewController+SpeechSynthesis.swift */ = {isa = PBXFileReference; lastKnownFileType = sourcecode.swift; path = "ViewController+SpeechSynthesis.swift"; sourceTree = "<group>"; };
		009B5CCC291BEA8A00C00AE7 /* ViewController+Dialogue.swift */ = {isa = PBXFileReference; lastKnownFileType = sourcecode.swift; path = "ViewController+Dialogue.swift"; sourceTree = "<group>"; };
		8C0208CC28F35E1B00C50221 /* MODOC.app */ = {isa = PBXFileReference; explicitFileType = wrapper.application; includeInIndex = 0; path = MODOC.app; sourceTree = BUILT_PRODUCTS_DIR; };
		8C0208CF28F35E1B00C50221 /* AppDelegate.swift */ = {isa = PBXFileReference; lastKnownFileType = sourcecode.swift; path = AppDelegate.swift; sourceTree = "<group>"; };
		8C0208D328F35E1B00C50221 /* ViewController.swift */ = {isa = PBXFileReference; lastKnownFileType = sourcecode.swift; path = ViewController.swift; sourceTree = "<group>"; };
		8C0208D628F35E1B00C50221 /* Base */ = {isa = PBXFileReference; lastKnownFileType = file.storyboard; name = Base; path = Base.lproj/Main.storyboard; sourceTree = "<group>"; };
		8C0208D828F35E1E00C50221 /* Assets.xcassets */ = {isa = PBXFileReference; lastKnownFileType = folder.assetcatalog; path = Assets.xcassets; sourceTree = "<group>"; };
		8C0208DB28F35E1E00C50221 /* Base */ = {isa = PBXFileReference; lastKnownFileType = file.storyboard; name = Base; path = Base.lproj/LaunchScreen.storyboard; sourceTree = "<group>"; };
		8C0208DD28F35E1E00C50221 /* Info.plist */ = {isa = PBXFileReference; lastKnownFileType = text.plist.xml; path = Info.plist; sourceTree = "<group>"; };
		8C0208E528F3AA1E00C50221 /* DialogueManager.swift */ = {isa = PBXFileReference; lastKnownFileType = sourcecode.swift; path = DialogueManager.swift; sourceTree = "<group>"; };
		8CD0298128F8F20700811BA0 /* FaceManager.swift */ = {isa = PBXFileReference; lastKnownFileType = sourcecode.swift; path = FaceManager.swift; sourceTree = "<group>"; };
/* End PBXFileReference section */

/* Begin PBXFrameworksBuildPhase section */
		8C0208C928F35E1B00C50221 /* Frameworks */ = {
			isa = PBXFrameworksBuildPhase;
			buildActionMask = 2147483647;
			files = (
			);
			runOnlyForDeploymentPostprocessing = 0;
		};
/* End PBXFrameworksBuildPhase section */

/* Begin PBXGroup section */
		8C0208C328F35E1B00C50221 = {
			isa = PBXGroup;
			children = (
				8C0208CE28F35E1B00C50221 /* MODOC */,
				8C0208CD28F35E1B00C50221 /* Products */,
			);
			sourceTree = "<group>";
		};
		8C0208CD28F35E1B00C50221 /* Products */ = {
			isa = PBXGroup;
			children = (
				8C0208CC28F35E1B00C50221 /* MODOC.app */,
			);
			name = Products;
			sourceTree = "<group>";
		};
		8C0208CE28F35E1B00C50221 /* MODOC */ = {
			isa = PBXGroup;
			children = (
				8C0208CF28F35E1B00C50221 /* AppDelegate.swift */,
				8C0208D328F35E1B00C50221 /* ViewController.swift */,
				009B5CCC291BEA8A00C00AE7 /* ViewController+Dialogue.swift */,
				009B5CCA291BE96E00C00AE7 /* ViewController+SpeechSynthesis.swift */,
				009B5CC8291BE8FC00C00AE7 /* ViewController+SpeechRecognition.swift */,
				8C0208E528F3AA1E00C50221 /* DialogueManager.swift */,
				8CD0298128F8F20700811BA0 /* FaceManager.swift */,
				8C0208D528F35E1B00C50221 /* Main.storyboard */,
				8C0208D828F35E1E00C50221 /* Assets.xcassets */,
				8C0208DA28F35E1E00C50221 /* LaunchScreen.storyboard */,
				8C0208DD28F35E1E00C50221 /* Info.plist */,
			);
			path = MODOC;
			sourceTree = "<group>";
		};
/* End PBXGroup section */

/* Begin PBXNativeTarget section */
		8C0208CB28F35E1B00C50221 /* MODOC */ = {
			isa = PBXNativeTarget;
			buildConfigurationList = 8C0208E028F35E1E00C50221 /* Build configuration list for PBXNativeTarget "MODOC" */;
			buildPhases = (
				8C0208C828F35E1B00C50221 /* Sources */,
				8C0208C928F35E1B00C50221 /* Frameworks */,
				8C0208CA28F35E1B00C50221 /* Resources */,
			);
			buildRules = (
			);
			dependencies = (
			);
			name = MODOC;
			productName = MODOC;
			productReference = 8C0208CC28F35E1B00C50221 /* MODOC.app */;
			productType = "com.apple.product-type.application";
		};
/* End PBXNativeTarget section */

/* Begin PBXProject section */
		8C0208C428F35E1B00C50221 /* Project object */ = {
			isa = PBXProject;
			attributes = {
				BuildIndependentTargetsInParallel = 1;
				LastSwiftUpdateCheck = 1340;
				LastUpgradeCheck = 1340;
				TargetAttributes = {
					8C0208CB28F35E1B00C50221 = {
						CreatedOnToolsVersion = 13.4.1;
					};
				};
			};
			buildConfigurationList = 8C0208C728F35E1B00C50221 /* Build configuration list for PBXProject "MODOC" */;
			compatibilityVersion = "Xcode 13.0";
			developmentRegion = en;
			hasScannedForEncodings = 0;
			knownRegions = (
				en,
				Base,
			);
			mainGroup = 8C0208C328F35E1B00C50221;
			productRefGroup = 8C0208CD28F35E1B00C50221 /* Products */;
			projectDirPath = "";
			projectRoot = "";
			targets = (
				8C0208CB28F35E1B00C50221 /* MODOC */,
			);
		};
/* End PBXProject section */

/* Begin PBXResourcesBuildPhase section */
		8C0208CA28F35E1B00C50221 /* Resources */ = {
			isa = PBXResourcesBuildPhase;
			buildActionMask = 2147483647;
			files = (
				8C0208DC28F35E1E00C50221 /* LaunchScreen.storyboard in Resources */,
				8C0208D928F35E1E00C50221 /* Assets.xcassets in Resources */,
				8C0208D728F35E1B00C50221 /* Main.storyboard in Resources */,
			);
			runOnlyForDeploymentPostprocessing = 0;
		};
/* End PBXResourcesBuildPhase section */

/* Begin PBXSourcesBuildPhase section */
		8C0208C828F35E1B00C50221 /* Sources */ = {
			isa = PBXSourcesBuildPhase;
			buildActionMask = 2147483647;
			files = (
				009B5CCB291BE96E00C00AE7 /* ViewController+SpeechSynthesis.swift in Sources */,
				8C0208D428F35E1B00C50221 /* ViewController.swift in Sources */,
				8CD0298228F8F20700811BA0 /* FaceManager.swift in Sources */,
				009B5CCD291BEA8A00C00AE7 /* ViewController+Dialogue.swift in Sources */,
				009B5CC9291BE8FC00C00AE7 /* ViewController+SpeechRecognition.swift in Sources */,
				8C0208D028F35E1B00C50221 /* AppDelegate.swift in Sources */,
				8C0208E628F3AA1E00C50221 /* DialogueManager.swift in Sources */,
			);
			runOnlyForDeploymentPostprocessing = 0;
		};
/* End PBXSourcesBuildPhase section */

/* Begin PBXVariantGroup section */
		8C0208D528F35E1B00C50221 /* Main.storyboard */ = {
			isa = PBXVariantGroup;
			children = (
				8C0208D628F35E1B00C50221 /* Base */,
			);
			name = Main.storyboard;
			sourceTree = "<group>";
		};
		8C0208DA28F35E1E00C50221 /* LaunchScreen.storyboard */ = {
			isa = PBXVariantGroup;
			children = (
				8C0208DB28F35E1E00C50221 /* Base */,
			);
			name = LaunchScreen.storyboard;
			sourceTree = "<group>";
		};
/* End PBXVariantGroup section */

/* Begin XCBuildConfiguration section */
		8C0208DE28F35E1E00C50221 /* Debug */ = {
			isa = XCBuildConfiguration;
			buildSettings = {
				ALWAYS_SEARCH_USER_PATHS = NO;
				CLANG_ANALYZER_NONNULL = YES;
				CLANG_ANALYZER_NUMBER_OBJECT_CONVERSION = YES_AGGRESSIVE;
				CLANG_CXX_LANGUAGE_STANDARD = "gnu++17";
				CLANG_ENABLE_MODULES = YES;
				CLANG_ENABLE_OBJC_ARC = YES;
				CLANG_ENABLE_OBJC_WEAK = YES;
				CLANG_WARN_BLOCK_CAPTURE_AUTORELEASING = YES;
				CLANG_WARN_BOOL_CONVERSION = YES;
				CLANG_WARN_COMMA = YES;
				CLANG_WARN_CONSTANT_CONVERSION = YES;
				CLANG_WARN_DEPRECATED_OBJC_IMPLEMENTATIONS = YES;
				CLANG_WARN_DIRECT_OBJC_ISA_USAGE = YES_ERROR;
				CLANG_WARN_DOCUMENTATION_COMMENTS = YES;
				CLANG_WARN_EMPTY_BODY = YES;
				CLANG_WARN_ENUM_CONVERSION = YES;
				CLANG_WARN_INFINITE_RECURSION = YES;
				CLANG_WARN_INT_CONVERSION = YES;
				CLANG_WARN_NON_LITERAL_NULL_CONVERSION = YES;
				CLANG_WARN_OBJC_IMPLICIT_RETAIN_SELF = YES;
				CLANG_WARN_OBJC_LITERAL_CONVERSION = YES;
				CLANG_WARN_OBJC_ROOT_CLASS = YES_ERROR;
				CLANG_WARN_QUOTED_INCLUDE_IN_FRAMEWORK_HEADER = YES;
				CLANG_WARN_RANGE_LOOP_ANALYSIS = YES;
				CLANG_WARN_STRICT_PROTOTYPES = YES;
				CLANG_WARN_SUSPICIOUS_MOVE = YES;
				CLANG_WARN_UNGUARDED_AVAILABILITY = YES_AGGRESSIVE;
				CLANG_WARN_UNREACHABLE_CODE = YES;
				CLANG_WARN__DUPLICATE_METHOD_MATCH = YES;
				COPY_PHASE_STRIP = NO;
				DEBUG_INFORMATION_FORMAT = dwarf;
				ENABLE_STRICT_OBJC_MSGSEND = YES;
				ENABLE_TESTABILITY = YES;
				GCC_C_LANGUAGE_STANDARD = gnu11;
				GCC_DYNAMIC_NO_PIC = NO;
				GCC_NO_COMMON_BLOCKS = YES;
				GCC_OPTIMIZATION_LEVEL = 0;
				GCC_PREPROCESSOR_DEFINITIONS = (
					"DEBUG=1",
					"$(inherited)",
				);
				GCC_WARN_64_TO_32_BIT_CONVERSION = YES;
				GCC_WARN_ABOUT_RETURN_TYPE = YES_ERROR;
				GCC_WARN_UNDECLARED_SELECTOR = YES;
				GCC_WARN_UNINITIALIZED_AUTOS = YES_AGGRESSIVE;
				GCC_WARN_UNUSED_FUNCTION = YES;
				GCC_WARN_UNUSED_VARIABLE = YES;
				IPHONEOS_DEPLOYMENT_TARGET = 15.5;
				MTL_ENABLE_DEBUG_INFO = INCLUDE_SOURCE;
				MTL_FAST_MATH = YES;
				ONLY_ACTIVE_ARCH = YES;
				SDKROOT = iphoneos;
				SWIFT_ACTIVE_COMPILATION_CONDITIONS = DEBUG;
				SWIFT_OPTIMIZATION_LEVEL = "-Onone";
			};
			name = Debug;
		};
		8C0208DF28F35E1E00C50221 /* Release */ = {
			isa = XCBuildConfiguration;
			buildSettings = {
				ALWAYS_SEARCH_USER_PATHS = NO;
				CLANG_ANALYZER_NONNULL = YES;
				CLANG_ANALYZER_NUMBER_OBJECT_CONVERSION = YES_AGGRESSIVE;
				CLANG_CXX_LANGUAGE_STANDARD = "gnu++17";
				CLANG_ENABLE_MODULES = YES;
				CLANG_ENABLE_OBJC_ARC = YES;
				CLANG_ENABLE_OBJC_WEAK = YES;
				CLANG_WARN_BLOCK_CAPTURE_AUTORELEASING = YES;
				CLANG_WARN_BOOL_CONVERSION = YES;
				CLANG_WARN_COMMA = YES;
				CLANG_WARN_CONSTANT_CONVERSION = YES;
				CLANG_WARN_DEPRECATED_OBJC_IMPLEMENTATIONS = YES;
				CLANG_WARN_DIRECT_OBJC_ISA_USAGE = YES_ERROR;
				CLANG_WARN_DOCUMENTATION_COMMENTS = YES;
				CLANG_WARN_EMPTY_BODY = YES;
				CLANG_WARN_ENUM_CONVERSION = YES;
				CLANG_WARN_INFINITE_RECURSION = YES;
				CLANG_WARN_INT_CONVERSION = YES;
				CLANG_WARN_NON_LITERAL_NULL_CONVERSION = YES;
				CLANG_WARN_OBJC_IMPLICIT_RETAIN_SELF = YES;
				CLANG_WARN_OBJC_LITERAL_CONVERSION = YES;
				CLANG_WARN_OBJC_ROOT_CLASS = YES_ERROR;
				CLANG_WARN_QUOTED_INCLUDE_IN_FRAMEWORK_HEADER = YES;
				CLANG_WARN_RANGE_LOOP_ANALYSIS = YES;
				CLANG_WARN_STRICT_PROTOTYPES = YES;
				CLANG_WARN_SUSPICIOUS_MOVE = YES;
				CLANG_WARN_UNGUARDED_AVAILABILITY = YES_AGGRESSIVE;
				CLANG_WARN_UNREACHABLE_CODE = YES;
				CLANG_WARN__DUPLICATE_METHOD_MATCH = YES;
				COPY_PHASE_STRIP = NO;
				DEBUG_INFORMATION_FORMAT = "dwarf-with-dsym";
				ENABLE_NS_ASSERTIONS = NO;
				ENABLE_STRICT_OBJC_MSGSEND = YES;
				GCC_C_LANGUAGE_STANDARD = gnu11;
				GCC_NO_COMMON_BLOCKS = YES;
				GCC_WARN_64_TO_32_BIT_CONVERSION = YES;
				GCC_WARN_ABOUT_RETURN_TYPE = YES_ERROR;
				GCC_WARN_UNDECLARED_SELECTOR = YES;
				GCC_WARN_UNINITIALIZED_AUTOS = YES_AGGRESSIVE;
				GCC_WARN_UNUSED_FUNCTION = YES;
				GCC_WARN_UNUSED_VARIABLE = YES;
				IPHONEOS_DEPLOYMENT_TARGET = 15.5;
				MTL_ENABLE_DEBUG_INFO = NO;
				MTL_FAST_MATH = YES;
				SDKROOT = iphoneos;
				SWIFT_COMPILATION_MODE = wholemodule;
				SWIFT_OPTIMIZATION_LEVEL = "-O";
				VALIDATE_PRODUCT = YES;
			};
			name = Release;
		};
		8C0208E128F35E1E00C50221 /* Debug */ = {
			isa = XCBuildConfiguration;
			buildSettings = {
				ASSETCATALOG_COMPILER_APPICON_NAME = AppIcon;
				ASSETCATALOG_COMPILER_GLOBAL_ACCENT_COLOR_NAME = AccentColor;
				CODE_SIGN_STYLE = Automatic;
				CURRENT_PROJECT_VERSION = 1;
				DEVELOPMENT_TEAM = T4VXPLC8GZ;
				GENERATE_INFOPLIST_FILE = YES;
				INFOPLIST_FILE = MODOC/Info.plist;
				INFOPLIST_KEY_CFBundleDisplayName = MODOC;
				INFOPLIST_KEY_NSMicrophoneUsageDescription = "MODOC needs access to the microphone so you can talk to her.";
				INFOPLIST_KEY_NSSpeechRecognitionUsageDescription = "MODOC uses speech recognition to understand what you are saying to her.";
				INFOPLIST_KEY_UIApplicationSupportsIndirectInputEvents = YES;
				INFOPLIST_KEY_UILaunchStoryboardName = LaunchScreen;
				INFOPLIST_KEY_UIMainStoryboardFile = Main;
				INFOPLIST_KEY_UIRequiresFullScreen = YES;
				INFOPLIST_KEY_UISupportedInterfaceOrientations = "UIInterfaceOrientationLandscapeLeft UIInterfaceOrientationLandscapeRight";
				LD_RUNPATH_SEARCH_PATHS = (
					"$(inherited)",
					"@executable_path/Frameworks",
				);
				MARKETING_VERSION = 1.0;
				PRODUCT_BUNDLE_IDENTIFIER = net.pushplay.MODOC;
				PRODUCT_NAME = "$(TARGET_NAME)";
				SWIFT_EMIT_LOC_STRINGS = YES;
				SWIFT_VERSION = 5.0;
				TARGETED_DEVICE_FAMILY = "1,2";
			};
			name = Debug;
		};
		8C0208E228F35E1E00C50221 /* Release */ = {
			isa = XCBuildConfiguration;
			buildSettings = {
				ASSETCATALOG_COMPILER_APPICON_NAME = AppIcon;
				ASSETCATALOG_COMPILER_GLOBAL_ACCENT_COLOR_NAME = AccentColor;
				CODE_SIGN_STYLE = Automatic;
				CURRENT_PROJECT_VERSION = 1;
				DEVELOPMENT_TEAM = T4VXPLC8GZ;
				GENERATE_INFOPLIST_FILE = YES;
				INFOPLIST_FILE = MODOC/Info.plist;
				INFOPLIST_KEY_CFBundleDisplayName = MODOC;
				INFOPLIST_KEY_NSMicrophoneUsageDescription = "MODOC needs access to the microphone so you can talk to her.";
				INFOPLIST_KEY_NSSpeechRecognitionUsageDescription = "MODOC uses speech recognition to understand what you are saying to her.";
				INFOPLIST_KEY_UIApplicationSupportsIndirectInputEvents = YES;
				INFOPLIST_KEY_UILaunchStoryboardName = LaunchScreen;
				INFOPLIST_KEY_UIMainStoryboardFile = Main;
				INFOPLIST_KEY_UIRequiresFullScreen = YES;
				INFOPLIST_KEY_UISupportedInterfaceOrientations = "UIInterfaceOrientationLandscapeLeft UIInterfaceOrientationLandscapeRight";
				LD_RUNPATH_SEARCH_PATHS = (
					"$(inherited)",
					"@executable_path/Frameworks",
				);
				MARKETING_VERSION = 1.0;
				PRODUCT_BUNDLE_IDENTIFIER = net.pushplay.MODOC;
				PRODUCT_NAME = "$(TARGET_NAME)";
				SWIFT_EMIT_LOC_STRINGS = YES;
				SWIFT_VERSION = 5.0;
				TARGETED_DEVICE_FAMILY = "1,2";
			};
			name = Release;
		};
/* End XCBuildConfiguration section */

/* Begin XCConfigurationList section */
		8C0208C728F35E1B00C50221 /* Build configuration list for PBXProject "MODOC" */ = {
			isa = XCConfigurationList;
			buildConfigurations = (
				8C0208DE28F35E1E00C50221 /* Debug */,
				8C0208DF28F35E1E00C50221 /* Release */,
			);
			defaultConfigurationIsVisible = 0;
			defaultConfigurationName = Release;
		};
		8C0208E028F35E1E00C50221 /* Build configuration list for PBXNativeTarget "MODOC" */ = {
			isa = XCConfigurationList;
			buildConfigurations = (
				8C0208E128F35E1E00C50221 /* Debug */,
				8C0208E228F35E1E00C50221 /* Release */,
			);
			defaultConfigurationIsVisible = 0;
			defaultConfigurationName = Release;
		};
/* End XCConfigurationList section */
	};
	rootObject = 8C0208C428F35E1B00C50221 /* Project object */;
}
